// !$*UTF8*$!
{
	archiveVersion = 1;
	classes = {
	};
	objectVersion = 46;
	objects = {

/* Begin PBXBuildFile section */
		8166C11E1F63DD3800523131 /* AppDelegate.swift in Sources */ = {isa = PBXBuildFile; fileRef = 8166C11D1F63DD3800523131 /* AppDelegate.swift */; };
		8166C1201F63DD3800523131 /* ViewController.swift in Sources */ = {isa = PBXBuildFile; fileRef = 8166C11F1F63DD3800523131 /* ViewController.swift */; };
		8166C1231F63DD3800523131 /* Main.storyboard in Resources */ = {isa = PBXBuildFile; fileRef = 8166C1211F63DD3800523131 /* Main.storyboard */; };
		8166C1251F63DD3800523131 /* Assets.xcassets in Resources */ = {isa = PBXBuildFile; fileRef = 8166C1241F63DD3800523131 /* Assets.xcassets */; };
		8166C1281F63DD3800523131 /* LaunchScreen.storyboard in Resources */ = {isa = PBXBuildFile; fileRef = 8166C1261F63DD3800523131 /* LaunchScreen.storyboard */; };
		8166C1331F63DD3800523131 /* RBBalloonCelebrationTests.swift in Sources */ = {isa = PBXBuildFile; fileRef = 8166C1321F63DD3800523131 /* RBBalloonCelebrationTests.swift */; };
		8166C13E1F63DDEB00523131 /* RBCelebrationView.swift in Sources */ = {isa = PBXBuildFile; fileRef = 8166C13D1F63DDEB00523131 /* RBCelebrationView.swift */; };
/* End PBXBuildFile section */

/* Begin PBXContainerItemProxy section */
		8166C12F1F63DD3800523131 /* PBXContainerItemProxy */ = {
			isa = PBXContainerItemProxy;
			containerPortal = 8166C1121F63DD3800523131 /* Project object */;
			proxyType = 1;
			remoteGlobalIDString = 8166C1191F63DD3800523131;
			remoteInfo = RBBalloonCelebration;
		};
/* End PBXContainerItemProxy section */

/* Begin PBXFileReference section */
		8166C11A1F63DD3800523131 /* RBBalloonCelebration.app */ = {isa = PBXFileReference; explicitFileType = wrapper.application; includeInIndex = 0; path = RBBalloonCelebration.app; sourceTree = BUILT_PRODUCTS_DIR; };
		8166C11D1F63DD3800523131 /* AppDelegate.swift */ = {isa = PBXFileReference; lastKnownFileType = sourcecode.swift; path = AppDelegate.swift; sourceTree = "<group>"; };
		8166C11F1F63DD3800523131 /* ViewController.swift */ = {isa = PBXFileReference; lastKnownFileType = sourcecode.swift; path = ViewController.swift; sourceTree = "<group>"; };
		8166C1221F63DD3800523131 /* Base */ = {isa = PBXFileReference; lastKnownFileType = file.storyboard; name = Base; path = Base.lproj/Main.storyboard; sourceTree = "<group>"; };
		8166C1241F63DD3800523131 /* Assets.xcassets */ = {isa = PBXFileReference; lastKnownFileType = folder.assetcatalog; path = Assets.xcassets; sourceTree = "<group>"; };
		8166C1271F63DD3800523131 /* Base */ = {isa = PBXFileReference; lastKnownFileType = file.storyboard; name = Base; path = Base.lproj/LaunchScreen.storyboard; sourceTree = "<group>"; };
		8166C1291F63DD3800523131 /* Info.plist */ = {isa = PBXFileReference; lastKnownFileType = text.plist.xml; path = Info.plist; sourceTree = "<group>"; };
		8166C12E1F63DD3800523131 /* RBBalloonCelebrationTests.xctest */ = {isa = PBXFileReference; explicitFileType = wrapper.cfbundle; includeInIndex = 0; path = RBBalloonCelebrationTests.xctest; sourceTree = BUILT_PRODUCTS_DIR; };
		8166C1321F63DD3800523131 /* RBBalloonCelebrationTests.swift */ = {isa = PBXFileReference; lastKnownFileType = sourcecode.swift; path = RBBalloonCelebrationTests.swift; sourceTree = "<group>"; };
		8166C1341F63DD3800523131 /* Info.plist */ = {isa = PBXFileReference; lastKnownFileType = text.plist.xml; path = Info.plist; sourceTree = "<group>"; };
		8166C13D1F63DDEB00523131 /* RBCelebrationView.swift */ = {isa = PBXFileReference; fileEncoding = 4; lastKnownFileType = sourcecode.swift; path = RBCelebrationView.swift; sourceTree = "<group>"; };
/* End PBXFileReference section */

/* Begin PBXFrameworksBuildPhase section */
		8166C1171F63DD3800523131 /* Frameworks */ = {
			isa = PBXFrameworksBuildPhase;
			buildActionMask = 2147483647;
			files = (
			);
			runOnlyForDeploymentPostprocessing = 0;
		};
		8166C12B1F63DD3800523131 /* Frameworks */ = {
			isa = PBXFrameworksBuildPhase;
			buildActionMask = 2147483647;
			files = (
			);
			runOnlyForDeploymentPostprocessing = 0;
		};
/* End PBXFrameworksBuildPhase section */

/* Begin PBXGroup section */
		8166C1111F63DD3800523131 = {
			isa = PBXGroup;
			children = (
				8166C11C1F63DD3800523131 /* RBBalloonCelebration */,
				8166C1311F63DD3800523131 /* RBBalloonCelebrationTests */,
				8166C11B1F63DD3800523131 /* Products */,
			);
			sourceTree = "<group>";
		};
		8166C11B1F63DD3800523131 /* Products */ = {
			isa = PBXGroup;
			children = (
				8166C11A1F63DD3800523131 /* RBBalloonCelebration.app */,
				8166C12E1F63DD3800523131 /* RBBalloonCelebrationTests.xctest */,
			);
			name = Products;
			sourceTree = "<group>";
		};
		8166C11C1F63DD3800523131 /* RBBalloonCelebration */ = {
			isa = PBXGroup;
			children = (
				8166C11D1F63DD3800523131 /* AppDelegate.swift */,
				8166C11F1F63DD3800523131 /* ViewController.swift */,
				8166C1211F63DD3800523131 /* Main.storyboard */,
				8166C1241F63DD3800523131 /* Assets.xcassets */,
				8166C1261F63DD3800523131 /* LaunchScreen.storyboard */,
				8166C1291F63DD3800523131 /* Info.plist */,
				8166C13D1F63DDEB00523131 /* RBCelebrationView.swift */,
			);
			path = RBBalloonCelebration;
			sourceTree = "<group>";
		};
		8166C1311F63DD3800523131 /* RBBalloonCelebrationTests */ = {
			isa = PBXGroup;
			children = (
				8166C1321F63DD3800523131 /* RBBalloonCelebrationTests.swift */,
				8166C1341F63DD3800523131 /* Info.plist */,
			);
			path = RBBalloonCelebrationTests;
			sourceTree = "<group>";
		};
/* End PBXGroup section */

/* Begin PBXNativeTarget section */
		8166C1191F63DD3800523131 /* RBBalloonCelebration */ = {
			isa = PBXNativeTarget;
			buildConfigurationList = 8166C1371F63DD3800523131 /* Build configuration list for PBXNativeTarget "RBBalloonCelebration" */;
			buildPhases = (
				8166C1161F63DD3800523131 /* Sources */,
				8166C1171F63DD3800523131 /* Frameworks */,
				8166C1181F63DD3800523131 /* Resources */,
			);
			buildRules = (
			);
			dependencies = (
			);
			name = RBBalloonCelebration;
			productName = RBBalloonCelebration;
			productReference = 8166C11A1F63DD3800523131 /* RBBalloonCelebration.app */;
			productType = "com.apple.product-type.application";
		};
		8166C12D1F63DD3800523131 /* RBBalloonCelebrationTests */ = {
			isa = PBXNativeTarget;
			buildConfigurationList = 8166C13A1F63DD3800523131 /* Build configuration list for PBXNativeTarget "RBBalloonCelebrationTests" */;
			buildPhases = (
				8166C12A1F63DD3800523131 /* Sources */,
				8166C12B1F63DD3800523131 /* Frameworks */,
				8166C12C1F63DD3800523131 /* Resources */,
			);
			buildRules = (
			);
			dependencies = (
				8166C1301F63DD3800523131 /* PBXTargetDependency */,
			);
			name = RBBalloonCelebrationTests;
			productName = RBBalloonCelebrationTests;
			productReference = 8166C12E1F63DD3800523131 /* RBBalloonCelebrationTests.xctest */;
			productType = "com.apple.product-type.bundle.unit-test";
		};
/* End PBXNativeTarget section */

/* Begin PBXProject section */
		8166C1121F63DD3800523131 /* Project object */ = {
			isa = PBXProject;
			attributes = {
				LastSwiftUpdateCheck = 0830;
				LastUpgradeCheck = 0830;
				ORGANIZATIONNAME = RB;
				TargetAttributes = {
					8166C1191F63DD3800523131 = {
						CreatedOnToolsVersion = 8.3.3;
						ProvisioningStyle = Automatic;
					};
					8166C12D1F63DD3800523131 = {
						CreatedOnToolsVersion = 8.3.3;
						ProvisioningStyle = Automatic;
						TestTargetID = 8166C1191F63DD3800523131;
					};
				};
			};
			buildConfigurationList = 8166C1151F63DD3800523131 /* Build configuration list for PBXProject "RBBalloonCelebration" */;
			compatibilityVersion = "Xcode 3.2";
			developmentRegion = English;
			hasScannedForEncodings = 0;
			knownRegions = (
				en,
				Base,
			);
			mainGroup = 8166C1111F63DD3800523131;
			productRefGroup = 8166C11B1F63DD3800523131 /* Products */;
			projectDirPath = "";
			projectRoot = "";
			targets = (
				8166C1191F63DD3800523131 /* RBBalloonCelebration */,
				8166C12D1F63DD3800523131 /* RBBalloonCelebrationTests */,
			);
		};
/* End PBXProject section */

/* Begin PBXResourcesBuildPhase section */
		8166C1181F63DD3800523131 /* Resources */ = {
			isa = PBXResourcesBuildPhase;
			buildActionMask = 2147483647;
			files = (
				8166C1281F63DD3800523131 /* LaunchScreen.storyboard in Resources */,
				8166C1251F63DD3800523131 /* Assets.xcassets in Resources */,
				8166C1231F63DD3800523131 /* Main.storyboard in Resources */,
			);
			runOnlyForDeploymentPostprocessing = 0;
		};
		8166C12C1F63DD3800523131 /* Resources */ = {
			isa = PBXResourcesBuildPhase;
			buildActionMask = 2147483647;
			files = (
			);
			runOnlyForDeploymentPostprocessing = 0;
		};
/* End PBXResourcesBuildPhase section */

/* Begin PBXSourcesBuildPhase section */
		8166C1161F63DD3800523131 /* Sources */ = {
			isa = PBXSourcesBuildPhase;
			buildActionMask = 2147483647;
			files = (
				8166C13E1F63DDEB00523131 /* RBCelebrationView.swift in Sources */,
				8166C1201F63DD3800523131 /* ViewController.swift in Sources */,
				8166C11E1F63DD3800523131 /* AppDelegate.swift in Sources */,
			);
			runOnlyForDeploymentPostprocessing = 0;
		};
		8166C12A1F63DD3800523131 /* Sources */ = {
			isa = PBXSourcesBuildPhase;
			buildActionMask = 2147483647;
			files = (
				8166C1331F63DD3800523131 /* RBBalloonCelebrationTests.swift in Sources */,
			);
			runOnlyForDeploymentPostprocessing = 0;
		};
/* End PBXSourcesBuildPhase section */

/* Begin PBXTargetDependency section */
		8166C1301F63DD3800523131 /* PBXTargetDependency */ = {
			isa = PBXTargetDependency;
			target = 8166C1191F63DD3800523131 /* RBBalloonCelebration */;
			targetProxy = 8166C12F1F63DD3800523131 /* PBXContainerItemProxy */;
		};
/* End PBXTargetDependency section */

/* Begin PBXVariantGroup section */
		8166C1211F63DD3800523131 /* Main.storyboard */ = {
			isa = PBXVariantGroup;
			children = (
				8166C1221F63DD3800523131 /* Base */,
			);
			name = Main.storyboard;
			sourceTree = "<group>";
		};
		8166C1261F63DD3800523131 /* LaunchScreen.storyboard */ = {
			isa = PBXVariantGroup;
			children = (
				8166C1271F63DD3800523131 /* Base */,
			);
			name = LaunchScreen.storyboard;
			sourceTree = "<group>";
		};
/* End PBXVariantGroup section */

/* Begin XCBuildConfiguration section */
		8166C1351F63DD3800523131 /* Debug */ = {
			isa = XCBuildConfiguration;
			buildSettings = {
				ALWAYS_SEARCH_USER_PATHS = NO;
				CLANG_ANALYZER_NONNULL = YES;
				CLANG_ANALYZER_NUMBER_OBJECT_CONVERSION = YES_AGGRESSIVE;
				CLANG_CXX_LANGUAGE_STANDARD = "gnu++0x";
				CLANG_CXX_LIBRARY = "libc++";
				CLANG_ENABLE_MODULES = YES;
				CLANG_ENABLE_OBJC_ARC = YES;
				CLANG_WARN_BOOL_CONVERSION = YES;
				CLANG_WARN_CONSTANT_CONVERSION = YES;
				CLANG_WARN_DIRECT_OBJC_ISA_USAGE = YES_ERROR;
				CLANG_WARN_DOCUMENTATION_COMMENTS = YES;
				CLANG_WARN_EMPTY_BODY = YES;
				CLANG_WARN_ENUM_CONVERSION = YES;
				CLANG_WARN_INFINITE_RECURSION = YES;
				CLANG_WARN_INT_CONVERSION = YES;
				CLANG_WARN_OBJC_ROOT_CLASS = YES_ERROR;
				CLANG_WARN_SUSPICIOUS_MOVE = YES;
				CLANG_WARN_UNREACHABLE_CODE = YES;
				CLANG_WARN__DUPLICATE_METHOD_MATCH = YES;
				"CODE_SIGN_IDENTITY[sdk=iphoneos*]" = "iPhone Developer";
				COPY_PHASE_STRIP = NO;
				DEBUG_INFORMATION_FORMAT = dwarf;
				ENABLE_STRICT_OBJC_MSGSEND = YES;
				ENABLE_TESTABILITY = YES;
				GCC_C_LANGUAGE_STANDARD = gnu99;
				GCC_DYNAMIC_NO_PIC = NO;
				GCC_NO_COMMON_BLOCKS = YES;
				GCC_OPTIMIZATION_LEVEL = 0;
				GCC_PREPROCESSOR_DEFINITIONS = (
					"DEBUG=1",
					"$(inherited)",
				);
				GCC_WARN_64_TO_32_BIT_CONVERSION = YES;
				GCC_WARN_ABOUT_RETURN_TYPE = YES_ERROR;
				GCC_WARN_UNDECLARED_SELECTOR = YES;
				GCC_WARN_UNINITIALIZED_AUTOS = YES_AGGRESSIVE;
				GCC_WARN_UNUSED_FUNCTION = YES;
				GCC_WARN_UNUSED_VARIABLE = YES;
				IPHONEOS_DEPLOYMENT_TARGET = 10.3;
				MTL_ENABLE_DEBUG_INFO = YES;
				ONLY_ACTIVE_ARCH = YES;
				SDKROOT = iphoneos;
				SWIFT_ACTIVE_COMPILATION_CONDITIONS = DEBUG;
				SWIFT_OPTIMIZATION_LEVEL = "-Onone";
			};
			name = Debug;
		};
		8166C1361F63DD3800523131 /* Release */ = {
			isa = XCBuildConfiguration;
			buildSettings = {
				ALWAYS_SEARCH_USER_PATHS = NO;
				CLANG_ANALYZER_NONNULL = YES;
				CLANG_ANALYZER_NUMBER_OBJECT_CONVERSION = YES_AGGRESSIVE;
				CLANG_CXX_LANGUAGE_STANDARD = "gnu++0x";
				CLANG_CXX_LIBRARY = "libc++";
				CLANG_ENABLE_MODULES = YES;
				CLANG_ENABLE_OBJC_ARC = YES;
				CLANG_WARN_BOOL_CONVERSION = YES;
				CLANG_WARN_CONSTANT_CONVERSION = YES;
				CLANG_WARN_DIRECT_OBJC_ISA_USAGE = YES_ERROR;
				CLANG_WARN_DOCUMENTATION_COMMENTS = YES;
				CLANG_WARN_EMPTY_BODY = YES;
				CLANG_WARN_ENUM_CONVERSION = YES;
				CLANG_WARN_INFINITE_RECURSION = YES;
				CLANG_WARN_INT_CONVERSION = YES;
				CLANG_WARN_OBJC_ROOT_CLASS = YES_ERROR;
				CLANG_WARN_SUSPICIOUS_MOVE = YES;
				CLANG_WARN_UNREACHABLE_CODE = YES;
				CLANG_WARN__DUPLICATE_METHOD_MATCH = YES;
				"CODE_SIGN_IDENTITY[sdk=iphoneos*]" = "iPhone Developer";
				COPY_PHASE_STRIP = NO;
				DEBUG_INFORMATION_FORMAT = "dwarf-with-dsym";
				ENABLE_NS_ASSERTIONS = NO;
				ENABLE_STRICT_OBJC_MSGSEND = YES;
				GCC_C_LANGUAGE_STANDARD = gnu99;
				GCC_NO_COMMON_BLOCKS = YES;
				GCC_WARN_64_TO_32_BIT_CONVERSION = YES;
				GCC_WARN_ABOUT_RETURN_TYPE = YES_ERROR;
				GCC_WARN_UNDECLARED_SELECTOR = YES;
				GCC_WARN_UNINITIALIZED_AUTOS = YES_AGGRESSIVE;
				GCC_WARN_UNUSED_FUNCTION = YES;
				GCC_WARN_UNUSED_VARIABLE = YES;
				IPHONEOS_DEPLOYMENT_TARGET = 10.3;
				MTL_ENABLE_DEBUG_INFO = NO;
				SDKROOT = iphoneos;
				SWIFT_OPTIMIZATION_LEVEL = "-Owholemodule";
				VALIDATE_PRODUCT = YES;
			};
			name = Release;
		};
		8166C1381F63DD3800523131 /* Debug */ = {
			isa = XCBuildConfiguration;
			buildSettings = {
				ASSETCATALOG_COMPILER_APPICON_NAME = AppIcon;
				INFOPLIST_FILE = RBBalloonCelebration/Info.plist;
				LD_RUNPATH_SEARCH_PATHS = "$(inherited) @executable_path/Frameworks";
				PRODUCT_BUNDLE_IDENTIFIER = com.RB.RBBalloonCelebration;
				PRODUCT_NAME = "$(TARGET_NAME)";
				SWIFT_VERSION = 3.0;
				TARGETED_DEVICE_FAMILY = "1,2";
			};
			name = Debug;
		};
		8166C1391F63DD3800523131 /* Release */ = {
			isa = XCBuildConfiguration;
			buildSettings = {
				ASSETCATALOG_COMPILER_APPICON_NAME = AppIcon;
				INFOPLIST_FILE = RBBalloonCelebration/Info.plist;
				LD_RUNPATH_SEARCH_PATHS = "$(inherited) @executable_path/Frameworks";
				PRODUCT_BUNDLE_IDENTIFIER = com.RB.RBBalloonCelebration;
				PRODUCT_NAME = "$(TARGET_NAME)";
				SWIFT_VERSION = 3.0;
				TARGETED_DEVICE_FAMILY = "1,2";
			};
			name = Release;
		};
		8166C13B1F63DD3800523131 /* Debug */ = {
			isa = XCBuildConfiguration;
			buildSettings = {
				ALWAYS_EMBED_SWIFT_STANDARD_LIBRARIES = YES;
				BUNDLE_LOADER = "$(TEST_HOST)";
				INFOPLIST_FILE = RBBalloonCelebrationTests/Info.plist;
				LD_RUNPATH_SEARCH_PATHS = "$(inherited) @executable_path/Frameworks @loader_path/Frameworks";
				PRODUCT_BUNDLE_IDENTIFIER = com.RB.RBBalloonCelebrationTests;
				PRODUCT_NAME = "$(TARGET_NAME)";
				SWIFT_VERSION = 3.0;
				TEST_HOST = "$(BUILT_PRODUCTS_DIR)/RBBalloonCelebration.app/RBBalloonCelebration";
			};
			name = Debug;
		};
		8166C13C1F63DD3800523131 /* Release */ = {
			isa = XCBuildConfiguration;
			buildSettings = {
				ALWAYS_EMBED_SWIFT_STANDARD_LIBRARIES = YES;
				BUNDLE_LOADER = "$(TEST_HOST)";
				INFOPLIST_FILE = RBBalloonCelebrationTests/Info.plist;
				LD_RUNPATH_SEARCH_PATHS = "$(inherited) @executable_path/Frameworks @loader_path/Frameworks";
				PRODUCT_BUNDLE_IDENTIFIER = com.RB.RBBalloonCelebrationTests;
				PRODUCT_NAME = "$(TARGET_NAME)";
				SWIFT_VERSION = 3.0;
				TEST_HOST = "$(BUILT_PRODUCTS_DIR)/RBBalloonCelebration.app/RBBalloonCelebration";
			};
			name = Release;
		};
/* End XCBuildConfiguration section */

/* Begin XCConfigurationList section */
		8166C1151F63DD3800523131 /* Build configuration list for PBXProject "RBBalloonCelebration" */ = {
			isa = XCConfigurationList;
			buildConfigurations = (
				8166C1351F63DD3800523131 /* Debug */,
				8166C1361F63DD3800523131 /* Release */,
			);
			defaultConfigurationIsVisible = 0;
			defaultConfigurationName = Release;
		};
		8166C1371F63DD3800523131 /* Build configuration list for PBXNativeTarget "RBBalloonCelebration" */ = {
			isa = XCConfigurationList;
			buildConfigurations = (
				8166C1381F63DD3800523131 /* Debug */,
				8166C1391F63DD3800523131 /* Release */,
			);
			defaultConfigurationIsVisible = 0;
		};
		8166C13A1F63DD3800523131 /* Build configuration list for PBXNativeTarget "RBBalloonCelebrationTests" */ = {
			isa = XCConfigurationList;
			buildConfigurations = (
				8166C13B1F63DD3800523131 /* Debug */,
				8166C13C1F63DD3800523131 /* Release */,
			);
			defaultConfigurationIsVisible = 0;
		};
/* End XCConfigurationList section */
	};
	rootObject = 8166C1121F63DD3800523131 /* Project object */;
}
